
Microsoft Visual Studio Solution File, Format Version 12.00
# Visual Studio Version 17
VisualStudioVersion = 17.7.34221.43
MinimumVisualStudioVersion = 10.0.40219.1
Project("{8BC9CEB8-8B4A-11D0-8D11-00A0C91BC942}") = "lab_work18", "lab_work18\lab_work18.vcxproj", "{4F512833-71E1-4AAB-BB8A-9B10D2A56C64}"
EndProject
Global
	GlobalSection(SolutionConfigurationPlatforms) = preSolution
		Debug|x64 = Debug|x64
		Debug|x86 = Debug|x86
		Release|x64 = Release|x64
		Release|x86 = Release|x86
	EndGlobalSection
	GlobalSection(ProjectConfigurationPlatforms) = postSolution
		{4F512833-71E1-4AAB-BB8A-9B10D2A56C64}.Debug|x64.ActiveCfg = Debug|x64
		{4F512833-71E1-4AAB-BB8A-9B10D2A56C64}.Debug|x64.Build.0 = Debug|x64
		{4F512833-71E1-4AAB-BB8A-9B10D2A56C64}.Debug|x86.ActiveCfg = Debug|Win32
		{4F512833-71E1-4AAB-BB8A-9B10D2A56C64}.Debug|x86.Build.0 = Debug|Win32
		{4F512833-71E1-4AAB-BB8A-9B10D2A56C64}.Release|x64.ActiveCfg = Release|x64
		{4F512833-71E1-4AAB-BB8A-9B10D2A56C64}.Release|x64.Build.0 = Release|x64
		{4F512833-71E1-4AAB-BB8A-9B10D2A56C64}.Release|x86.ActiveCfg = Release|Win32
		{4F512833-71E1-4AAB-BB8A-9B10D2A56C64}.Release|x86.Build.0 = Release|Win32
	EndGlobalSection
	GlobalSection(SolutionProperties) = preSolution
		HideSolutionNode = FALSE
	EndGlobalSection
	GlobalSection(ExtensibilityGlobals) = postSolution
		SolutionGuid = {81934AF9-9F63-4259-AAA9-E610940ED6CB}
	EndGlobalSection
EndGlobal
