
Microsoft Visual Studio Solution File, Format Version 12.00
# Visual Studio Version 16
VisualStudioVersion = 16.0.31729.503
MinimumVisualStudioVersion = 10.0.40219.1
Project("{8BC9CEB8-8B4A-11D0-8D11-00A0C91BC942}") = "HelloWorld", "HelloWorld\HelloWorld.vcxproj", "{20837C80-EFAA-4A52-8FC7-822BDA4B5F43}"
EndProject
Project("{8BC9CEB8-8B4A-11D0-8D11-00A0C91BC942}") = "Lab_02", "Lab_02\Lab_02.vcxproj", "{B0C7432C-0127-47CF-AC56-AA7A56284A49}"
EndProject
Global
	GlobalSection(SolutionConfigurationPlatforms) = preSolution
		Debug|x64 = Debug|x64
		Debug|x86 = Debug|x86
		Release|x64 = Release|x64
		Release|x86 = Release|x86
	EndGlobalSection
	GlobalSection(ProjectConfigurationPlatforms) = postSolution
		{20837C80-EFAA-4A52-8FC7-822BDA4B5F43}.Debug|x64.ActiveCfg = Debug|x64
		{20837C80-EFAA-4A52-8FC7-822BDA4B5F43}.Debug|x64.Build.0 = Debug|x64
		{20837C80-EFAA-4A52-8FC7-822BDA4B5F43}.Debug|x86.ActiveCfg = Debug|Win32
		{20837C80-EFAA-4A52-8FC7-822BDA4B5F43}.Debug|x86.Build.0 = Debug|Win32
		{20837C80-EFAA-4A52-8FC7-822BDA4B5F43}.Release|x64.ActiveCfg = Release|x64
		{20837C80-EFAA-4A52-8FC7-822BDA4B5F43}.Release|x64.Build.0 = Release|x64
		{20837C80-EFAA-4A52-8FC7-822BDA4B5F43}.Release|x86.ActiveCfg = Release|Win32
		{20837C80-EFAA-4A52-8FC7-822BDA4B5F43}.Release|x86.Build.0 = Release|Win32
		{B0C7432C-0127-47CF-AC56-AA7A56284A49}.Debug|x64.ActiveCfg = Debug|x64
		{B0C7432C-0127-47CF-AC56-AA7A56284A49}.Debug|x64.Build.0 = Debug|x64
		{B0C7432C-0127-47CF-AC56-AA7A56284A49}.Debug|x86.ActiveCfg = Debug|Win32
		{B0C7432C-0127-47CF-AC56-AA7A56284A49}.Debug|x86.Build.0 = Debug|Win32
		{B0C7432C-0127-47CF-AC56-AA7A56284A49}.Release|x64.ActiveCfg = Release|x64
		{B0C7432C-0127-47CF-AC56-AA7A56284A49}.Release|x64.Build.0 = Release|x64
		{B0C7432C-0127-47CF-AC56-AA7A56284A49}.Release|x86.ActiveCfg = Release|Win32
		{B0C7432C-0127-47CF-AC56-AA7A56284A49}.Release|x86.Build.0 = Release|Win32
	EndGlobalSection
	GlobalSection(SolutionProperties) = preSolution
		HideSolutionNode = FALSE
	EndGlobalSection
	GlobalSection(ExtensibilityGlobals) = postSolution
		SolutionGuid = {BA329CA5-93AF-4861-B7A8-5B05E3656FEF}
	EndGlobalSection
EndGlobal
